
Microsoft Visual Studio Solution File, Format Version 12.00
# Visual Studio Version 17
VisualStudioVersion = 17.10.35027.167
MinimumVisualStudioVersion = 10.0.40219.1
Project("{9A19103F-16F7-4668-BE54-9A1E7A4F7556}") = "TH_Harmic", "TH_Harmic\TH_Harmic.csproj", "{AA7DF748-F8D6-4863-AD5C-AFE5D3950B1C}"
EndProject
Global
	GlobalSection(SolutionConfigurationPlatforms) = preSolution
		Debug|Any CPU = Debug|Any CPU
		Release|Any CPU = Release|Any CPU
	EndGlobalSection
	GlobalSection(ProjectConfigurationPlatforms) = postSolution
		{AA7DF748-F8D6-4863-AD5C-AFE5D3950B1C}.Debug|Any CPU.ActiveCfg = Debug|Any CPU
		{AA7DF748-F8D6-4863-AD5C-AFE5D3950B1C}.Debug|Any CPU.Build.0 = Debug|Any CPU
		{AA7DF748-F8D6-4863-AD5C-AFE5D3950B1C}.Release|Any CPU.ActiveCfg = Release|Any CPU
		{AA7DF748-F8D6-4863-AD5C-AFE5D3950B1C}.Release|Any CPU.Build.0 = Release|Any CPU
	EndGlobalSection
	GlobalSection(SolutionProperties) = preSolution
		HideSolutionNode = FALSE
	EndGlobalSection
	GlobalSection(ExtensibilityGlobals) = postSolution
		SolutionGuid = {DE4CB850-0366-4456-8F50-1197AA21E3A6}
	EndGlobalSection
EndGlobal
